// !$*UTF8*$!
{
	archiveVersion = 1;
	classes = {
	};
	objectVersion = 55;
	objects = {

/* Begin PBXBuildFile section */
		CE90739027F1AE920089F846 /* ExploreView.swift in Sources */ = {isa = PBXBuildFile; fileRef = CE90738F27F1AE920089F846 /* ExploreView.swift */; };
		CE90739127F1AE920089F846 /* ExploreView.swift in Sources */ = {isa = PBXBuildFile; fileRef = CE90738F27F1AE920089F846 /* ExploreView.swift */; };
		CE90739327F1B0FE0089F846 /* landmarkData.json in Resources */ = {isa = PBXBuildFile; fileRef = CE90739227F1B0FE0089F846 /* landmarkData.json */; };
		CE90739427F1B0FE0089F846 /* landmarkData.json in Resources */ = {isa = PBXBuildFile; fileRef = CE90739227F1B0FE0089F846 /* landmarkData.json */; };
		CE90739627F1B1260089F846 /* Wine.swift in Sources */ = {isa = PBXBuildFile; fileRef = CE90739527F1B1260089F846 /* Wine.swift */; };
		CE90739727F1B1260089F846 /* Wine.swift in Sources */ = {isa = PBXBuildFile; fileRef = CE90739527F1B1260089F846 /* Wine.swift */; };
		CE90739927F1B19C0089F846 /* ModelData.swift in Sources */ = {isa = PBXBuildFile; fileRef = CE90739827F1B19C0089F846 /* ModelData.swift */; };
		CE90739A27F1B19C0089F846 /* ModelData.swift in Sources */ = {isa = PBXBuildFile; fileRef = CE90739827F1B19C0089F846 /* ModelData.swift */; };
		CE9073A127F1B32F0089F846 /* WineExploreRow.swift in Sources */ = {isa = PBXBuildFile; fileRef = CE9073A027F1B32F0089F846 /* WineExploreRow.swift */; };
		CE9073A227F1B32F0089F846 /* WineExploreRow.swift in Sources */ = {isa = PBXBuildFile; fileRef = CE9073A027F1B32F0089F846 /* WineExploreRow.swift */; };
		CE9073A427F1C1D10089F846 /* ContentView.swift in Sources */ = {isa = PBXBuildFile; fileRef = CE9073A327F1C1D10089F846 /* ContentView.swift */; };
		CE9073A527F1C1D10089F846 /* ContentView.swift in Sources */ = {isa = PBXBuildFile; fileRef = CE9073A327F1C1D10089F846 /* ContentView.swift */; };
		CE9073A727F1D2240089F846 /* TabItemView.swift in Sources */ = {isa = PBXBuildFile; fileRef = CE9073A627F1D2240089F846 /* TabItemView.swift */; };
		CE9073A827F1D2240089F846 /* TabItemView.swift in Sources */ = {isa = PBXBuildFile; fileRef = CE9073A627F1D2240089F846 /* TabItemView.swift */; };
		CE9073AB27F1D38B0089F846 /* TabBottomView.swift in Sources */ = {isa = PBXBuildFile; fileRef = CE9073AA27F1D38B0089F846 /* TabBottomView.swift */; };
		CE9073AC27F1D38B0089F846 /* TabBottomView.swift in Sources */ = {isa = PBXBuildFile; fileRef = CE9073AA27F1D38B0089F846 /* TabBottomView.swift */; };
		CE9073AE27F1D6AF0089F846 /* TabItemData.swift in Sources */ = {isa = PBXBuildFile; fileRef = CE9073AD27F1D6AF0089F846 /* TabItemData.swift */; };
		CE9073AF27F1D6AF0089F846 /* TabItemData.swift in Sources */ = {isa = PBXBuildFile; fileRef = CE9073AD27F1D6AF0089F846 /* TabItemData.swift */; };
		CE9073B427F1D75D0089F846 /* CustomTableView.swift in Sources */ = {isa = PBXBuildFile; fileRef = CE9073B327F1D75D0089F846 /* CustomTableView.swift */; };
		CE9073B527F1D75D0089F846 /* CustomTableView.swift in Sources */ = {isa = PBXBuildFile; fileRef = CE9073B327F1D75D0089F846 /* CustomTableView.swift */; };
		CE9073B827F1FA090089F846 /* WineTypeButtonView.swift in Sources */ = {isa = PBXBuildFile; fileRef = CE9073B727F1FA090089F846 /* WineTypeButtonView.swift */; };
		CE9073B927F1FA090089F846 /* WineTypeButtonView.swift in Sources */ = {isa = PBXBuildFile; fileRef = CE9073B727F1FA090089F846 /* WineTypeButtonView.swift */; };
		CE9073BB27F20DED0089F846 /* WineResultList.swift in Sources */ = {isa = PBXBuildFile; fileRef = CE9073BA27F20DED0089F846 /* WineResultList.swift */; };
		CE9073BC27F20DED0089F846 /* WineResultList.swift in Sources */ = {isa = PBXBuildFile; fileRef = CE9073BA27F20DED0089F846 /* WineResultList.swift */; };
		CE9073C027F2FF260089F846 /* WineResultRow.swift in Sources */ = {isa = PBXBuildFile; fileRef = CE9073BF27F2FF260089F846 /* WineResultRow.swift */; };
		CE9073C127F2FF260089F846 /* WineResultRow.swift in Sources */ = {isa = PBXBuildFile; fileRef = CE9073BF27F2FF260089F846 /* WineResultRow.swift */; };
		CE9073C327F304500089F846 /* FavoriteVIew.swift in Sources */ = {isa = PBXBuildFile; fileRef = CE9073C227F304500089F846 /* FavoriteVIew.swift */; };
		CE9073C427F304500089F846 /* FavoriteVIew.swift in Sources */ = {isa = PBXBuildFile; fileRef = CE9073C227F304500089F846 /* FavoriteVIew.swift */; };
		CE9073C727F36F400089F846 /* WineData.swift in Sources */ = {isa = PBXBuildFile; fileRef = CE9073C627F36F400089F846 /* WineData.swift */; };
		CE9073C827F36F400089F846 /* WineData.swift in Sources */ = {isa = PBXBuildFile; fileRef = CE9073C627F36F400089F846 /* WineData.swift */; };
		CE9073CA27F36F940089F846 /* WineDataService.swift in Sources */ = {isa = PBXBuildFile; fileRef = CE9073C927F36F940089F846 /* WineDataService.swift */; };
		CE9073CB27F36F940089F846 /* WineDataService.swift in Sources */ = {isa = PBXBuildFile; fileRef = CE9073C927F36F940089F846 /* WineDataService.swift */; };
		CEAF943627EDBDE200878D4E /* Tests_iOS.swift in Sources */ = {isa = PBXBuildFile; fileRef = CEAF943527EDBDE200878D4E /* Tests_iOS.swift */; };
		CEAF943827EDBDE200878D4E /* Tests_iOSLaunchTests.swift in Sources */ = {isa = PBXBuildFile; fileRef = CEAF943727EDBDE200878D4E /* Tests_iOSLaunchTests.swift */; };
		CEAF944227EDBDE200878D4E /* Tests_macOS.swift in Sources */ = {isa = PBXBuildFile; fileRef = CEAF944127EDBDE200878D4E /* Tests_macOS.swift */; };
		CEAF944427EDBDE200878D4E /* Tests_macOSLaunchTests.swift in Sources */ = {isa = PBXBuildFile; fileRef = CEAF944327EDBDE200878D4E /* Tests_macOSLaunchTests.swift */; };
		CEAF944527EDBDE200878D4E /* MyVinApp.swift in Sources */ = {isa = PBXBuildFile; fileRef = CEAF941D27EDBDE100878D4E /* MyVinApp.swift */; };
		CEAF944627EDBDE200878D4E /* MyVinApp.swift in Sources */ = {isa = PBXBuildFile; fileRef = CEAF941D27EDBDE100878D4E /* MyVinApp.swift */; };
		CEAF944727EDBDE200878D4E /* HomeView.swift in Sources */ = {isa = PBXBuildFile; fileRef = CEAF941E27EDBDE100878D4E /* HomeView.swift */; };
		CEAF944827EDBDE200878D4E /* HomeView.swift in Sources */ = {isa = PBXBuildFile; fileRef = CEAF941E27EDBDE100878D4E /* HomeView.swift */; };
		CEAF944927EDBDE200878D4E /* Assets.xcassets in Resources */ = {isa = PBXBuildFile; fileRef = CEAF941F27EDBDE200878D4E /* Assets.xcassets */; };
		CEAF944A27EDBDE200878D4E /* Assets.xcassets in Resources */ = {isa = PBXBuildFile; fileRef = CEAF941F27EDBDE200878D4E /* Assets.xcassets */; };
/* End PBXBuildFile section */

/* Begin PBXContainerItemProxy section */
		CEAF943227EDBDE200878D4E /* PBXContainerItemProxy */ = {
			isa = PBXContainerItemProxy;
			containerPortal = CEAF941827EDBDE100878D4E /* Project object */;
			proxyType = 1;
			remoteGlobalIDString = CEAF942327EDBDE200878D4E;
			remoteInfo = "MyVin (iOS)";
		};
		CEAF943E27EDBDE200878D4E /* PBXContainerItemProxy */ = {
			isa = PBXContainerItemProxy;
			containerPortal = CEAF941827EDBDE100878D4E /* Project object */;
			proxyType = 1;
			remoteGlobalIDString = CEAF942927EDBDE200878D4E;
			remoteInfo = "MyVin (macOS)";
		};
/* End PBXContainerItemProxy section */

/* Begin PBXFileReference section */
		CE90738F27F1AE920089F846 /* ExploreView.swift */ = {isa = PBXFileReference; lastKnownFileType = sourcecode.swift; path = ExploreView.swift; sourceTree = "<group>"; };
		CE90739227F1B0FE0089F846 /* landmarkData.json */ = {isa = PBXFileReference; fileEncoding = 4; lastKnownFileType = text.json; path = landmarkData.json; sourceTree = "<group>"; };
		CE90739527F1B1260089F846 /* Wine.swift */ = {isa = PBXFileReference; lastKnownFileType = sourcecode.swift; path = Wine.swift; sourceTree = "<group>"; };
		CE90739827F1B19C0089F846 /* ModelData.swift */ = {isa = PBXFileReference; lastKnownFileType = sourcecode.swift; path = ModelData.swift; sourceTree = "<group>"; };
		CE9073A027F1B32F0089F846 /* WineExploreRow.swift */ = {isa = PBXFileReference; lastKnownFileType = sourcecode.swift; path = WineExploreRow.swift; sourceTree = "<group>"; };
		CE9073A327F1C1D10089F846 /* ContentView.swift */ = {isa = PBXFileReference; lastKnownFileType = sourcecode.swift; path = ContentView.swift; sourceTree = "<group>"; };
		CE9073A627F1D2240089F846 /* TabItemView.swift */ = {isa = PBXFileReference; lastKnownFileType = sourcecode.swift; path = TabItemView.swift; sourceTree = "<group>"; };
		CE9073AA27F1D38B0089F846 /* TabBottomView.swift */ = {isa = PBXFileReference; lastKnownFileType = sourcecode.swift; path = TabBottomView.swift; sourceTree = "<group>"; };
		CE9073AD27F1D6AF0089F846 /* TabItemData.swift */ = {isa = PBXFileReference; lastKnownFileType = sourcecode.swift; path = TabItemData.swift; sourceTree = "<group>"; };
		CE9073B327F1D75D0089F846 /* CustomTableView.swift */ = {isa = PBXFileReference; lastKnownFileType = sourcecode.swift; path = CustomTableView.swift; sourceTree = "<group>"; };
		CE9073B727F1FA090089F846 /* WineTypeButtonView.swift */ = {isa = PBXFileReference; lastKnownFileType = sourcecode.swift; path = WineTypeButtonView.swift; sourceTree = "<group>"; };
		CE9073BA27F20DED0089F846 /* WineResultList.swift */ = {isa = PBXFileReference; lastKnownFileType = sourcecode.swift; path = WineResultList.swift; sourceTree = "<group>"; };
		CE9073BF27F2FF260089F846 /* WineResultRow.swift */ = {isa = PBXFileReference; lastKnownFileType = sourcecode.swift; path = WineResultRow.swift; sourceTree = "<group>"; };
		CE9073C227F304500089F846 /* FavoriteVIew.swift */ = {isa = PBXFileReference; lastKnownFileType = sourcecode.swift; path = FavoriteVIew.swift; sourceTree = "<group>"; };
		CE9073C627F36F400089F846 /* WineData.swift */ = {isa = PBXFileReference; lastKnownFileType = sourcecode.swift; path = WineData.swift; sourceTree = "<group>"; };
		CE9073C927F36F940089F846 /* WineDataService.swift */ = {isa = PBXFileReference; lastKnownFileType = sourcecode.swift; path = WineDataService.swift; sourceTree = "<group>"; };
		CEAF941D27EDBDE100878D4E /* MyVinApp.swift */ = {isa = PBXFileReference; lastKnownFileType = sourcecode.swift; path = MyVinApp.swift; sourceTree = "<group>"; };
		CEAF941E27EDBDE100878D4E /* HomeView.swift */ = {isa = PBXFileReference; lastKnownFileType = sourcecode.swift; path = HomeView.swift; sourceTree = "<group>"; };
		CEAF941F27EDBDE200878D4E /* Assets.xcassets */ = {isa = PBXFileReference; lastKnownFileType = folder.assetcatalog; path = Assets.xcassets; sourceTree = "<group>"; };
		CEAF942427EDBDE200878D4E /* MyVin.app */ = {isa = PBXFileReference; explicitFileType = wrapper.application; includeInIndex = 0; path = MyVin.app; sourceTree = BUILT_PRODUCTS_DIR; };
		CEAF942A27EDBDE200878D4E /* MyVin.app */ = {isa = PBXFileReference; explicitFileType = wrapper.application; includeInIndex = 0; path = MyVin.app; sourceTree = BUILT_PRODUCTS_DIR; };
		CEAF942C27EDBDE200878D4E /* macOS.entitlements */ = {isa = PBXFileReference; lastKnownFileType = text.plist.entitlements; path = macOS.entitlements; sourceTree = "<group>"; };
		CEAF943127EDBDE200878D4E /* Tests iOS.xctest */ = {isa = PBXFileReference; explicitFileType = wrapper.cfbundle; includeInIndex = 0; path = "Tests iOS.xctest"; sourceTree = BUILT_PRODUCTS_DIR; };
		CEAF943527EDBDE200878D4E /* Tests_iOS.swift */ = {isa = PBXFileReference; lastKnownFileType = sourcecode.swift; path = Tests_iOS.swift; sourceTree = "<group>"; };
		CEAF943727EDBDE200878D4E /* Tests_iOSLaunchTests.swift */ = {isa = PBXFileReference; lastKnownFileType = sourcecode.swift; path = Tests_iOSLaunchTests.swift; sourceTree = "<group>"; };
		CEAF943D27EDBDE200878D4E /* Tests macOS.xctest */ = {isa = PBXFileReference; explicitFileType = wrapper.cfbundle; includeInIndex = 0; path = "Tests macOS.xctest"; sourceTree = BUILT_PRODUCTS_DIR; };
		CEAF944127EDBDE200878D4E /* Tests_macOS.swift */ = {isa = PBXFileReference; lastKnownFileType = sourcecode.swift; path = Tests_macOS.swift; sourceTree = "<group>"; };
		CEAF944327EDBDE200878D4E /* Tests_macOSLaunchTests.swift */ = {isa = PBXFileReference; lastKnownFileType = sourcecode.swift; path = Tests_macOSLaunchTests.swift; sourceTree = "<group>"; };
/* End PBXFileReference section */

/* Begin PBXFrameworksBuildPhase section */
		CEAF942127EDBDE200878D4E /* Frameworks */ = {
			isa = PBXFrameworksBuildPhase;
			buildActionMask = 2147483647;
			files = (
			);
			runOnlyForDeploymentPostprocessing = 0;
		};
		CEAF942727EDBDE200878D4E /* Frameworks */ = {
			isa = PBXFrameworksBuildPhase;
			buildActionMask = 2147483647;
			files = (
			);
			runOnlyForDeploymentPostprocessing = 0;
		};
		CEAF942E27EDBDE200878D4E /* Frameworks */ = {
			isa = PBXFrameworksBuildPhase;
			buildActionMask = 2147483647;
			files = (
			);
			runOnlyForDeploymentPostprocessing = 0;
		};
		CEAF943A27EDBDE200878D4E /* Frameworks */ = {
			isa = PBXFrameworksBuildPhase;
			buildActionMask = 2147483647;
			files = (
			);
			runOnlyForDeploymentPostprocessing = 0;
		};
/* End PBXFrameworksBuildPhase section */

/* Begin PBXGroup section */
		CE90739B27F1B1C50089F846 /* Model */ = {
			isa = PBXGroup;
			children = (
				CE90739527F1B1260089F846 /* Wine.swift */,
				CE90739827F1B19C0089F846 /* ModelData.swift */,
				CE9073C627F36F400089F846 /* WineData.swift */,
				CE9073C927F36F940089F846 /* WineDataService.swift */,
			);
			path = Model;
			sourceTree = "<group>";
		};
		CE90739C27F1B1D30089F846 /* Views */ = {
			isa = PBXGroup;
			children = (
				CE9073C527F304580089F846 /* Favorite */,
				CE9073BE27F2FE1F0089F846 /* Home */,
			);
			path = Views;
			sourceTree = "<group>";
		};
		CE9073A927F1D3670089F846 /* TabBar */ = {
			isa = PBXGroup;
			children = (
				CE9073AA27F1D38B0089F846 /* TabBottomView.swift */,
				CE9073B327F1D75D0089F846 /* CustomTableView.swift */,
				CE9073A627F1D2240089F846 /* TabItemView.swift */,
				CE9073AD27F1D6AF0089F846 /* TabItemData.swift */,
			);
			path = TabBar;
			sourceTree = "<group>";
		};
		CE9073B627F1F9D50089F846 /* Explore */ = {
			isa = PBXGroup;
			children = (
				CE90738F27F1AE920089F846 /* ExploreView.swift */,
				CE9073A027F1B32F0089F846 /* WineExploreRow.swift */,
			);
			path = Explore;
			sourceTree = "<group>";
		};
		CE9073BD27F2FCA10089F846 /* WineResult */ = {
			isa = PBXGroup;
			children = (
				CE9073BA27F20DED0089F846 /* WineResultList.swift */,
				CE9073BF27F2FF260089F846 /* WineResultRow.swift */,
			);
			path = WineResult;
			sourceTree = "<group>";
		};
		CE9073BE27F2FE1F0089F846 /* Home */ = {
			isa = PBXGroup;
			children = (
				CE9073A327F1C1D10089F846 /* ContentView.swift */,
				CEAF941E27EDBDE100878D4E /* HomeView.swift */,
				CE9073B727F1FA090089F846 /* WineTypeButtonView.swift */,
				CE9073A927F1D3670089F846 /* TabBar */,
				CE9073B627F1F9D50089F846 /* Explore */,
			);
			path = Home;
			sourceTree = "<group>";
		};
		CE9073C527F304580089F846 /* Favorite */ = {
			isa = PBXGroup;
			children = (
				CE9073C227F304500089F846 /* FavoriteVIew.swift */,
			);
			path = Favorite;
			sourceTree = "<group>";
		};
		CEAF941727EDBDE100878D4E = {
			isa = PBXGroup;
			children = (
				CEAF941C27EDBDE100878D4E /* Shared */,
				CEAF942B27EDBDE200878D4E /* macOS */,
				CEAF943427EDBDE200878D4E /* Tests iOS */,
				CEAF944027EDBDE200878D4E /* Tests macOS */,
				CEAF942527EDBDE200878D4E /* Products */,
			);
			sourceTree = "<group>";
		};
		CEAF941C27EDBDE100878D4E /* Shared */ = {
			isa = PBXGroup;
			children = (
				CEAF941D27EDBDE100878D4E /* MyVinApp.swift */,
				CE9073BD27F2FCA10089F846 /* WineResult */,
				CE90739C27F1B1D30089F846 /* Views */,
				CE90739B27F1B1C50089F846 /* Model */,
				CEAF941F27EDBDE200878D4E /* Assets.xcassets */,
				CE90739227F1B0FE0089F846 /* landmarkData.json */,
			);
			path = Shared;
			sourceTree = "<group>";
		};
		CEAF942527EDBDE200878D4E /* Products */ = {
			isa = PBXGroup;
			children = (
				CEAF942427EDBDE200878D4E /* MyVin.app */,
				CEAF942A27EDBDE200878D4E /* MyVin.app */,
				CEAF943127EDBDE200878D4E /* Tests iOS.xctest */,
				CEAF943D27EDBDE200878D4E /* Tests macOS.xctest */,
			);
			name = Products;
			sourceTree = "<group>";
		};
		CEAF942B27EDBDE200878D4E /* macOS */ = {
			isa = PBXGroup;
			children = (
				CEAF942C27EDBDE200878D4E /* macOS.entitlements */,
			);
			path = macOS;
			sourceTree = "<group>";
		};
		CEAF943427EDBDE200878D4E /* Tests iOS */ = {
			isa = PBXGroup;
			children = (
				CEAF943527EDBDE200878D4E /* Tests_iOS.swift */,
				CEAF943727EDBDE200878D4E /* Tests_iOSLaunchTests.swift */,
			);
			path = "Tests iOS";
			sourceTree = "<group>";
		};
		CEAF944027EDBDE200878D4E /* Tests macOS */ = {
			isa = PBXGroup;
			children = (
				CEAF944127EDBDE200878D4E /* Tests_macOS.swift */,
				CEAF944327EDBDE200878D4E /* Tests_macOSLaunchTests.swift */,
			);
			path = "Tests macOS";
			sourceTree = "<group>";
		};
/* End PBXGroup section */

/* Begin PBXNativeTarget section */
		CEAF942327EDBDE200878D4E /* MyVin (iOS) */ = {
			isa = PBXNativeTarget;
			buildConfigurationList = CEAF944D27EDBDE200878D4E /* Build configuration list for PBXNativeTarget "MyVin (iOS)" */;
			buildPhases = (
				CEAF942027EDBDE200878D4E /* Sources */,
				CEAF942127EDBDE200878D4E /* Frameworks */,
				CEAF942227EDBDE200878D4E /* Resources */,
			);
			buildRules = (
			);
			dependencies = (
			);
			name = "MyVin (iOS)";
			productName = "MyVin (iOS)";
			productReference = CEAF942427EDBDE200878D4E /* MyVin.app */;
			productType = "com.apple.product-type.application";
		};
		CEAF942927EDBDE200878D4E /* MyVin (macOS) */ = {
			isa = PBXNativeTarget;
			buildConfigurationList = CEAF945027EDBDE200878D4E /* Build configuration list for PBXNativeTarget "MyVin (macOS)" */;
			buildPhases = (
				CEAF942627EDBDE200878D4E /* Sources */,
				CEAF942727EDBDE200878D4E /* Frameworks */,
				CEAF942827EDBDE200878D4E /* Resources */,
			);
			buildRules = (
			);
			dependencies = (
			);
			name = "MyVin (macOS)";
			productName = "MyVin (macOS)";
			productReference = CEAF942A27EDBDE200878D4E /* MyVin.app */;
			productType = "com.apple.product-type.application";
		};
		CEAF943027EDBDE200878D4E /* Tests iOS */ = {
			isa = PBXNativeTarget;
			buildConfigurationList = CEAF945327EDBDE200878D4E /* Build configuration list for PBXNativeTarget "Tests iOS" */;
			buildPhases = (
				CEAF942D27EDBDE200878D4E /* Sources */,
				CEAF942E27EDBDE200878D4E /* Frameworks */,
				CEAF942F27EDBDE200878D4E /* Resources */,
			);
			buildRules = (
			);
			dependencies = (
				CEAF943327EDBDE200878D4E /* PBXTargetDependency */,
			);
			name = "Tests iOS";
			productName = "Tests iOS";
			productReference = CEAF943127EDBDE200878D4E /* Tests iOS.xctest */;
			productType = "com.apple.product-type.bundle.ui-testing";
		};
		CEAF943C27EDBDE200878D4E /* Tests macOS */ = {
			isa = PBXNativeTarget;
			buildConfigurationList = CEAF945627EDBDE200878D4E /* Build configuration list for PBXNativeTarget "Tests macOS" */;
			buildPhases = (
				CEAF943927EDBDE200878D4E /* Sources */,
				CEAF943A27EDBDE200878D4E /* Frameworks */,
				CEAF943B27EDBDE200878D4E /* Resources */,
			);
			buildRules = (
			);
			dependencies = (
				CEAF943F27EDBDE200878D4E /* PBXTargetDependency */,
			);
			name = "Tests macOS";
			productName = "Tests macOS";
			productReference = CEAF943D27EDBDE200878D4E /* Tests macOS.xctest */;
			productType = "com.apple.product-type.bundle.ui-testing";
		};
/* End PBXNativeTarget section */

/* Begin PBXProject section */
		CEAF941827EDBDE100878D4E /* Project object */ = {
			isa = PBXProject;
			attributes = {
				BuildIndependentTargetsInParallel = 1;
				LastSwiftUpdateCheck = 1330;
				LastUpgradeCheck = 1330;
				TargetAttributes = {
					CEAF942327EDBDE200878D4E = {
						CreatedOnToolsVersion = 13.3;
					};
					CEAF942927EDBDE200878D4E = {
						CreatedOnToolsVersion = 13.3;
					};
					CEAF943027EDBDE200878D4E = {
						CreatedOnToolsVersion = 13.3;
						TestTargetID = CEAF942327EDBDE200878D4E;
					};
					CEAF943C27EDBDE200878D4E = {
						CreatedOnToolsVersion = 13.3;
						TestTargetID = CEAF942927EDBDE200878D4E;
					};
				};
			};
			buildConfigurationList = CEAF941B27EDBDE100878D4E /* Build configuration list for PBXProject "MyVin" */;
			compatibilityVersion = "Xcode 13.0";
			developmentRegion = en;
			hasScannedForEncodings = 0;
			knownRegions = (
				en,
				Base,
			);
			mainGroup = CEAF941727EDBDE100878D4E;
			productRefGroup = CEAF942527EDBDE200878D4E /* Products */;
			projectDirPath = "";
			projectRoot = "";
			targets = (
				CEAF942327EDBDE200878D4E /* MyVin (iOS) */,
				CEAF942927EDBDE200878D4E /* MyVin (macOS) */,
				CEAF943027EDBDE200878D4E /* Tests iOS */,
				CEAF943C27EDBDE200878D4E /* Tests macOS */,
			);
		};
/* End PBXProject section */

/* Begin PBXResourcesBuildPhase section */
		CEAF942227EDBDE200878D4E /* Resources */ = {
			isa = PBXResourcesBuildPhase;
			buildActionMask = 2147483647;
			files = (
				CEAF944927EDBDE200878D4E /* Assets.xcassets in Resources */,
				CE90739327F1B0FE0089F846 /* landmarkData.json in Resources */,
			);
			runOnlyForDeploymentPostprocessing = 0;
		};
		CEAF942827EDBDE200878D4E /* Resources */ = {
			isa = PBXResourcesBuildPhase;
			buildActionMask = 2147483647;
			files = (
				CEAF944A27EDBDE200878D4E /* Assets.xcassets in Resources */,
				CE90739427F1B0FE0089F846 /* landmarkData.json in Resources */,
			);
			runOnlyForDeploymentPostprocessing = 0;
		};
		CEAF942F27EDBDE200878D4E /* Resources */ = {
			isa = PBXResourcesBuildPhase;
			buildActionMask = 2147483647;
			files = (
			);
			runOnlyForDeploymentPostprocessing = 0;
		};
		CEAF943B27EDBDE200878D4E /* Resources */ = {
			isa = PBXResourcesBuildPhase;
			buildActionMask = 2147483647;
			files = (
			);
			runOnlyForDeploymentPostprocessing = 0;
		};
/* End PBXResourcesBuildPhase section */

/* Begin PBXSourcesBuildPhase section */
		CEAF942027EDBDE200878D4E /* Sources */ = {
			isa = PBXSourcesBuildPhase;
			buildActionMask = 2147483647;
			files = (
				CE9073B427F1D75D0089F846 /* CustomTableView.swift in Sources */,
				CE9073A727F1D2240089F846 /* TabItemView.swift in Sources */,
				CE9073C027F2FF260089F846 /* WineResultRow.swift in Sources */,
				CEAF944727EDBDE200878D4E /* HomeView.swift in Sources */,
				CEAF944527EDBDE200878D4E /* MyVinApp.swift in Sources */,
				CE9073A427F1C1D10089F846 /* ContentView.swift in Sources */,
				CE9073C727F36F400089F846 /* WineData.swift in Sources */,
				CE90739027F1AE920089F846 /* ExploreView.swift in Sources */,
				CE9073C327F304500089F846 /* FavoriteVIew.swift in Sources */,
				CE9073BB27F20DED0089F846 /* WineResultList.swift in Sources */,
				CE9073AE27F1D6AF0089F846 /* TabItemData.swift in Sources */,
				CE9073CA27F36F940089F846 /* WineDataService.swift in Sources */,
				CE9073AB27F1D38B0089F846 /* TabBottomView.swift in Sources */,
				CE9073B827F1FA090089F846 /* WineTypeButtonView.swift in Sources */,
				CE90739627F1B1260089F846 /* Wine.swift in Sources */,
				CE9073A127F1B32F0089F846 /* WineExploreRow.swift in Sources */,
				CE90739927F1B19C0089F846 /* ModelData.swift in Sources */,
			);
			runOnlyForDeploymentPostprocessing = 0;
		};
		CEAF942627EDBDE200878D4E /* Sources */ = {
			isa = PBXSourcesBuildPhase;
			buildActionMask = 2147483647;
			files = (
				CE9073B527F1D75D0089F846 /* CustomTableView.swift in Sources */,
				CE9073A827F1D2240089F846 /* TabItemView.swift in Sources */,
				CE9073C127F2FF260089F846 /* WineResultRow.swift in Sources */,
				CEAF944827EDBDE200878D4E /* HomeView.swift in Sources */,
				CEAF944627EDBDE200878D4E /* MyVinApp.swift in Sources */,
				CE9073A527F1C1D10089F846 /* ContentView.swift in Sources */,
				CE9073C827F36F400089F846 /* WineData.swift in Sources */,
				CE90739127F1AE920089F846 /* ExploreView.swift in Sources */,
				CE9073C427F304500089F846 /* FavoriteVIew.swift in Sources */,
				CE9073BC27F20DED0089F846 /* WineResultList.swift in Sources */,
				CE9073AF27F1D6AF0089F846 /* TabItemData.swift in Sources */,
				CE9073CB27F36F940089F846 /* WineDataService.swift in Sources */,
				CE9073AC27F1D38B0089F846 /* TabBottomView.swift in Sources */,
				CE9073B927F1FA090089F846 /* WineTypeButtonView.swift in Sources */,
				CE90739727F1B1260089F846 /* Wine.swift in Sources */,
				CE9073A227F1B32F0089F846 /* WineExploreRow.swift in Sources */,
				CE90739A27F1B19C0089F846 /* ModelData.swift in Sources */,
			);
			runOnlyForDeploymentPostprocessing = 0;
		};
		CEAF942D27EDBDE200878D4E /* Sources */ = {
			isa = PBXSourcesBuildPhase;
			buildActionMask = 2147483647;
			files = (
				CEAF943827EDBDE200878D4E /* Tests_iOSLaunchTests.swift in Sources */,
				CEAF943627EDBDE200878D4E /* Tests_iOS.swift in Sources */,
			);
			runOnlyForDeploymentPostprocessing = 0;
		};
		CEAF943927EDBDE200878D4E /* Sources */ = {
			isa = PBXSourcesBuildPhase;
			buildActionMask = 2147483647;
			files = (
				CEAF944427EDBDE200878D4E /* Tests_macOSLaunchTests.swift in Sources */,
				CEAF944227EDBDE200878D4E /* Tests_macOS.swift in Sources */,
			);
			runOnlyForDeploymentPostprocessing = 0;
		};
/* End PBXSourcesBuildPhase section */

/* Begin PBXTargetDependency section */
		CEAF943327EDBDE200878D4E /* PBXTargetDependency */ = {
			isa = PBXTargetDependency;
			target = CEAF942327EDBDE200878D4E /* MyVin (iOS) */;
			targetProxy = CEAF943227EDBDE200878D4E /* PBXContainerItemProxy */;
		};
		CEAF943F27EDBDE200878D4E /* PBXTargetDependency */ = {
			isa = PBXTargetDependency;
			target = CEAF942927EDBDE200878D4E /* MyVin (macOS) */;
			targetProxy = CEAF943E27EDBDE200878D4E /* PBXContainerItemProxy */;
		};
/* End PBXTargetDependency section */

/* Begin XCBuildConfiguration section */
		CEAF944B27EDBDE200878D4E /* Debug */ = {
			isa = XCBuildConfiguration;
			buildSettings = {
				ALWAYS_SEARCH_USER_PATHS = NO;
				CLANG_ANALYZER_NONNULL = YES;
				CLANG_ANALYZER_NUMBER_OBJECT_CONVERSION = YES_AGGRESSIVE;
				CLANG_CXX_LANGUAGE_STANDARD = "gnu++17";
				CLANG_ENABLE_MODULES = YES;
				CLANG_ENABLE_OBJC_ARC = YES;
				CLANG_ENABLE_OBJC_WEAK = YES;
				CLANG_WARN_BLOCK_CAPTURE_AUTORELEASING = YES;
				CLANG_WARN_BOOL_CONVERSION = YES;
				CLANG_WARN_COMMA = YES;
				CLANG_WARN_CONSTANT_CONVERSION = YES;
				CLANG_WARN_DEPRECATED_OBJC_IMPLEMENTATIONS = YES;
				CLANG_WARN_DIRECT_OBJC_ISA_USAGE = YES_ERROR;
				CLANG_WARN_DOCUMENTATION_COMMENTS = YES;
				CLANG_WARN_EMPTY_BODY = YES;
				CLANG_WARN_ENUM_CONVERSION = YES;
				CLANG_WARN_INFINITE_RECURSION = YES;
				CLANG_WARN_INT_CONVERSION = YES;
				CLANG_WARN_NON_LITERAL_NULL_CONVERSION = YES;
				CLANG_WARN_OBJC_IMPLICIT_RETAIN_SELF = YES;
				CLANG_WARN_OBJC_LITERAL_CONVERSION = YES;
				CLANG_WARN_OBJC_ROOT_CLASS = YES_ERROR;
				CLANG_WARN_QUOTED_INCLUDE_IN_FRAMEWORK_HEADER = YES;
				CLANG_WARN_RANGE_LOOP_ANALYSIS = YES;
				CLANG_WARN_STRICT_PROTOTYPES = YES;
				CLANG_WARN_SUSPICIOUS_MOVE = YES;
				CLANG_WARN_UNGUARDED_AVAILABILITY = YES_AGGRESSIVE;
				CLANG_WARN_UNREACHABLE_CODE = YES;
				CLANG_WARN__DUPLICATE_METHOD_MATCH = YES;
				COPY_PHASE_STRIP = NO;
				DEBUG_INFORMATION_FORMAT = dwarf;
				ENABLE_STRICT_OBJC_MSGSEND = YES;
				ENABLE_TESTABILITY = YES;
				GCC_C_LANGUAGE_STANDARD = gnu11;
				GCC_DYNAMIC_NO_PIC = NO;
				GCC_NO_COMMON_BLOCKS = YES;
				GCC_OPTIMIZATION_LEVEL = 0;
				GCC_PREPROCESSOR_DEFINITIONS = (
					"DEBUG=1",
					"$(inherited)",
				);
				GCC_WARN_64_TO_32_BIT_CONVERSION = YES;
				GCC_WARN_ABOUT_RETURN_TYPE = YES_ERROR;
				GCC_WARN_UNDECLARED_SELECTOR = YES;
				GCC_WARN_UNINITIALIZED_AUTOS = YES_AGGRESSIVE;
				GCC_WARN_UNUSED_FUNCTION = YES;
				GCC_WARN_UNUSED_VARIABLE = YES;
				MTL_ENABLE_DEBUG_INFO = INCLUDE_SOURCE;
				MTL_FAST_MATH = YES;
				ONLY_ACTIVE_ARCH = YES;
				SWIFT_ACTIVE_COMPILATION_CONDITIONS = DEBUG;
				SWIFT_OPTIMIZATION_LEVEL = "-Onone";
			};
			name = Debug;
		};
		CEAF944C27EDBDE200878D4E /* Release */ = {
			isa = XCBuildConfiguration;
			buildSettings = {
				ALWAYS_SEARCH_USER_PATHS = NO;
				CLANG_ANALYZER_NONNULL = YES;
				CLANG_ANALYZER_NUMBER_OBJECT_CONVERSION = YES_AGGRESSIVE;
				CLANG_CXX_LANGUAGE_STANDARD = "gnu++17";
				CLANG_ENABLE_MODULES = YES;
				CLANG_ENABLE_OBJC_ARC = YES;
				CLANG_ENABLE_OBJC_WEAK = YES;
				CLANG_WARN_BLOCK_CAPTURE_AUTORELEASING = YES;
				CLANG_WARN_BOOL_CONVERSION = YES;
				CLANG_WARN_COMMA = YES;
				CLANG_WARN_CONSTANT_CONVERSION = YES;
				CLANG_WARN_DEPRECATED_OBJC_IMPLEMENTATIONS = YES;
				CLANG_WARN_DIRECT_OBJC_ISA_USAGE = YES_ERROR;
				CLANG_WARN_DOCUMENTATION_COMMENTS = YES;
				CLANG_WARN_EMPTY_BODY = YES;
				CLANG_WARN_ENUM_CONVERSION = YES;
				CLANG_WARN_INFINITE_RECURSION = YES;
				CLANG_WARN_INT_CONVERSION = YES;
				CLANG_WARN_NON_LITERAL_NULL_CONVERSION = YES;
				CLANG_WARN_OBJC_IMPLICIT_RETAIN_SELF = YES;
				CLANG_WARN_OBJC_LITERAL_CONVERSION = YES;
				CLANG_WARN_OBJC_ROOT_CLASS = YES_ERROR;
				CLANG_WARN_QUOTED_INCLUDE_IN_FRAMEWORK_HEADER = YES;
				CLANG_WARN_RANGE_LOOP_ANALYSIS = YES;
				CLANG_WARN_STRICT_PROTOTYPES = YES;
				CLANG_WARN_SUSPICIOUS_MOVE = YES;
				CLANG_WARN_UNGUARDED_AVAILABILITY = YES_AGGRESSIVE;
				CLANG_WARN_UNREACHABLE_CODE = YES;
				CLANG_WARN__DUPLICATE_METHOD_MATCH = YES;
				COPY_PHASE_STRIP = NO;
				DEBUG_INFORMATION_FORMAT = "dwarf-with-dsym";
				ENABLE_NS_ASSERTIONS = NO;
				ENABLE_STRICT_OBJC_MSGSEND = YES;
				GCC_C_LANGUAGE_STANDARD = gnu11;
				GCC_NO_COMMON_BLOCKS = YES;
				GCC_WARN_64_TO_32_BIT_CONVERSION = YES;
				GCC_WARN_ABOUT_RETURN_TYPE = YES_ERROR;
				GCC_WARN_UNDECLARED_SELECTOR = YES;
				GCC_WARN_UNINITIALIZED_AUTOS = YES_AGGRESSIVE;
				GCC_WARN_UNUSED_FUNCTION = YES;
				GCC_WARN_UNUSED_VARIABLE = YES;
				MTL_ENABLE_DEBUG_INFO = NO;
				MTL_FAST_MATH = YES;
				SWIFT_COMPILATION_MODE = wholemodule;
				SWIFT_OPTIMIZATION_LEVEL = "-O";
			};
			name = Release;
		};
		CEAF944E27EDBDE200878D4E /* Debug */ = {
			isa = XCBuildConfiguration;
			buildSettings = {
				ASSETCATALOG_COMPILER_APPICON_NAME = AppIcon;
				ASSETCATALOG_COMPILER_GLOBAL_ACCENT_COLOR_NAME = AccentColor;
				CODE_SIGN_STYLE = Automatic;
				CURRENT_PROJECT_VERSION = 1;
				DEVELOPMENT_TEAM = PXNVA7KDF5;
				ENABLE_PREVIEWS = YES;
				GENERATE_INFOPLIST_FILE = YES;
				INFOPLIST_KEY_UIApplicationSceneManifest_Generation = YES;
				INFOPLIST_KEY_UIApplicationSupportsIndirectInputEvents = YES;
				INFOPLIST_KEY_UILaunchScreen_Generation = YES;
				INFOPLIST_KEY_UISupportedInterfaceOrientations_iPad = "UIInterfaceOrientationPortrait UIInterfaceOrientationPortraitUpsideDown UIInterfaceOrientationLandscapeLeft UIInterfaceOrientationLandscapeRight";
				INFOPLIST_KEY_UISupportedInterfaceOrientations_iPhone = "UIInterfaceOrientationPortrait UIInterfaceOrientationLandscapeLeft UIInterfaceOrientationLandscapeRight";
				IPHONEOS_DEPLOYMENT_TARGET = 15.4;
				LD_RUNPATH_SEARCH_PATHS = (
					"$(inherited)",
					"@executable_path/Frameworks",
				);
				MARKETING_VERSION = 1.0;
				PRODUCT_BUNDLE_IDENTIFIER = adam.mabrouki.MyVin;
				PRODUCT_NAME = MyVin;
				SDKROOT = iphoneos;
				SWIFT_EMIT_LOC_STRINGS = YES;
				SWIFT_VERSION = 5.0;
				TARGETED_DEVICE_FAMILY = "1,2";
			};
			name = Debug;
		};
		CEAF944F27EDBDE200878D4E /* Release */ = {
			isa = XCBuildConfiguration;
			buildSettings = {
				ASSETCATALOG_COMPILER_APPICON_NAME = AppIcon;
				ASSETCATALOG_COMPILER_GLOBAL_ACCENT_COLOR_NAME = AccentColor;
				CODE_SIGN_STYLE = Automatic;
				CURRENT_PROJECT_VERSION = 1;
				DEVELOPMENT_TEAM = PXNVA7KDF5;
				ENABLE_PREVIEWS = YES;
				GENERATE_INFOPLIST_FILE = YES;
				INFOPLIST_KEY_UIApplicationSceneManifest_Generation = YES;
				INFOPLIST_KEY_UIApplicationSupportsIndirectInputEvents = YES;
				INFOPLIST_KEY_UILaunchScreen_Generation = YES;
				INFOPLIST_KEY_UISupportedInterfaceOrientations_iPad = "UIInterfaceOrientationPortrait UIInterfaceOrientationPortraitUpsideDown UIInterfaceOrientationLandscapeLeft UIInterfaceOrientationLandscapeRight";
				INFOPLIST_KEY_UISupportedInterfaceOrientations_iPhone = "UIInterfaceOrientationPortrait UIInterfaceOrientationLandscapeLeft UIInterfaceOrientationLandscapeRight";
				IPHONEOS_DEPLOYMENT_TARGET = 15.4;
				LD_RUNPATH_SEARCH_PATHS = (
					"$(inherited)",
					"@executable_path/Frameworks",
				);
				MARKETING_VERSION = 1.0;
				PRODUCT_BUNDLE_IDENTIFIER = adam.mabrouki.MyVin;
				PRODUCT_NAME = MyVin;
				SDKROOT = iphoneos;
				SWIFT_EMIT_LOC_STRINGS = YES;
				SWIFT_VERSION = 5.0;
				TARGETED_DEVICE_FAMILY = "1,2";
				VALIDATE_PRODUCT = YES;
			};
			name = Release;
		};
		CEAF945127EDBDE200878D4E /* Debug */ = {
			isa = XCBuildConfiguration;
			buildSettings = {
				ASSETCATALOG_COMPILER_APPICON_NAME = AppIcon;
				ASSETCATALOG_COMPILER_GLOBAL_ACCENT_COLOR_NAME = AccentColor;
				CODE_SIGN_ENTITLEMENTS = macOS/macOS.entitlements;
				CODE_SIGN_STYLE = Automatic;
				COMBINE_HIDPI_IMAGES = YES;
				CURRENT_PROJECT_VERSION = 1;
				DEVELOPMENT_TEAM = PXNVA7KDF5;
				ENABLE_HARDENED_RUNTIME = YES;
				ENABLE_PREVIEWS = YES;
				GENERATE_INFOPLIST_FILE = YES;
				INFOPLIST_KEY_NSHumanReadableCopyright = "";
				LD_RUNPATH_SEARCH_PATHS = (
					"$(inherited)",
					"@executable_path/../Frameworks",
				);
				MACOSX_DEPLOYMENT_TARGET = 12.3;
				MARKETING_VERSION = 1.0;
				PRODUCT_BUNDLE_IDENTIFIER = adam.mabrouki.MyVin;
				PRODUCT_NAME = MyVin;
				SDKROOT = macosx;
				SWIFT_EMIT_LOC_STRINGS = YES;
				SWIFT_VERSION = 5.0;
			};
			name = Debug;
		};
		CEAF945227EDBDE200878D4E /* Release */ = {
			isa = XCBuildConfiguration;
			buildSettings = {
				ASSETCATALOG_COMPILER_APPICON_NAME = AppIcon;
				ASSETCATALOG_COMPILER_GLOBAL_ACCENT_COLOR_NAME = AccentColor;
				CODE_SIGN_ENTITLEMENTS = macOS/macOS.entitlements;
				CODE_SIGN_STYLE = Automatic;
				COMBINE_HIDPI_IMAGES = YES;
				CURRENT_PROJECT_VERSION = 1;
				DEVELOPMENT_TEAM = PXNVA7KDF5;
				ENABLE_HARDENED_RUNTIME = YES;
				ENABLE_PREVIEWS = YES;
				GENERATE_INFOPLIST_FILE = YES;
				INFOPLIST_KEY_NSHumanReadableCopyright = "";
				LD_RUNPATH_SEARCH_PATHS = (
					"$(inherited)",
					"@executable_path/../Frameworks",
				);
				MACOSX_DEPLOYMENT_TARGET = 12.3;
				MARKETING_VERSION = 1.0;
				PRODUCT_BUNDLE_IDENTIFIER = adam.mabrouki.MyVin;
				PRODUCT_NAME = MyVin;
				SDKROOT = macosx;
				SWIFT_EMIT_LOC_STRINGS = YES;
				SWIFT_VERSION = 5.0;
			};
			name = Release;
		};
		CEAF945427EDBDE200878D4E /* Debug */ = {
			isa = XCBuildConfiguration;
			buildSettings = {
				ALWAYS_EMBED_SWIFT_STANDARD_LIBRARIES = YES;
				CODE_SIGN_STYLE = Automatic;
				CURRENT_PROJECT_VERSION = 1;
				DEVELOPMENT_TEAM = PXNVA7KDF5;
				GENERATE_INFOPLIST_FILE = YES;
				IPHONEOS_DEPLOYMENT_TARGET = 15.4;
				MARKETING_VERSION = 1.0;
				PRODUCT_BUNDLE_IDENTIFIER = "adam.mabrouki.Tests-iOS";
				PRODUCT_NAME = "$(TARGET_NAME)";
				SDKROOT = iphoneos;
				SWIFT_EMIT_LOC_STRINGS = NO;
				SWIFT_VERSION = 5.0;
				TARGETED_DEVICE_FAMILY = "1,2";
				TEST_TARGET_NAME = "MyVin (iOS)";
			};
			name = Debug;
		};
		CEAF945527EDBDE200878D4E /* Release */ = {
			isa = XCBuildConfiguration;
			buildSettings = {
				ALWAYS_EMBED_SWIFT_STANDARD_LIBRARIES = YES;
				CODE_SIGN_STYLE = Automatic;
				CURRENT_PROJECT_VERSION = 1;
				DEVELOPMENT_TEAM = PXNVA7KDF5;
				GENERATE_INFOPLIST_FILE = YES;
				IPHONEOS_DEPLOYMENT_TARGET = 15.4;
				MARKETING_VERSION = 1.0;
				PRODUCT_BUNDLE_IDENTIFIER = "adam.mabrouki.Tests-iOS";
				PRODUCT_NAME = "$(TARGET_NAME)";
				SDKROOT = iphoneos;
				SWIFT_EMIT_LOC_STRINGS = NO;
				SWIFT_VERSION = 5.0;
				TARGETED_DEVICE_FAMILY = "1,2";
				TEST_TARGET_NAME = "MyVin (iOS)";
				VALIDATE_PRODUCT = YES;
			};
			name = Release;
		};
		CEAF945727EDBDE200878D4E /* Debug */ = {
			isa = XCBuildConfiguration;
			buildSettings = {
				ALWAYS_EMBED_SWIFT_STANDARD_LIBRARIES = YES;
				CODE_SIGN_STYLE = Automatic;
				CURRENT_PROJECT_VERSION = 1;
				DEVELOPMENT_TEAM = PXNVA7KDF5;
				GENERATE_INFOPLIST_FILE = YES;
				MACOSX_DEPLOYMENT_TARGET = 12.3;
				MARKETING_VERSION = 1.0;
				PRODUCT_BUNDLE_IDENTIFIER = "adam.mabrouki.Tests-macOS";
				PRODUCT_NAME = "$(TARGET_NAME)";
				SDKROOT = macosx;
				SWIFT_EMIT_LOC_STRINGS = NO;
				SWIFT_VERSION = 5.0;
				TEST_TARGET_NAME = "MyVin (macOS)";
			};
			name = Debug;
		};
		CEAF945827EDBDE200878D4E /* Release */ = {
			isa = XCBuildConfiguration;
			buildSettings = {
				ALWAYS_EMBED_SWIFT_STANDARD_LIBRARIES = YES;
				CODE_SIGN_STYLE = Automatic;
				CURRENT_PROJECT_VERSION = 1;
				DEVELOPMENT_TEAM = PXNVA7KDF5;
				GENERATE_INFOPLIST_FILE = YES;
				MACOSX_DEPLOYMENT_TARGET = 12.3;
				MARKETING_VERSION = 1.0;
				PRODUCT_BUNDLE_IDENTIFIER = "adam.mabrouki.Tests-macOS";
				PRODUCT_NAME = "$(TARGET_NAME)";
				SDKROOT = macosx;
				SWIFT_EMIT_LOC_STRINGS = NO;
				SWIFT_VERSION = 5.0;
				TEST_TARGET_NAME = "MyVin (macOS)";
			};
			name = Release;
		};
/* End XCBuildConfiguration section */

/* Begin XCConfigurationList section */
		CEAF941B27EDBDE100878D4E /* Build configuration list for PBXProject "MyVin" */ = {
			isa = XCConfigurationList;
			buildConfigurations = (
				CEAF944B27EDBDE200878D4E /* Debug */,
				CEAF944C27EDBDE200878D4E /* Release */,
			);
			defaultConfigurationIsVisible = 0;
			defaultConfigurationName = Release;
		};
		CEAF944D27EDBDE200878D4E /* Build configuration list for PBXNativeTarget "MyVin (iOS)" */ = {
			isa = XCConfigurationList;
			buildConfigurations = (
				CEAF944E27EDBDE200878D4E /* Debug */,
				CEAF944F27EDBDE200878D4E /* Release */,
			);
			defaultConfigurationIsVisible = 0;
			defaultConfigurationName = Release;
		};
		CEAF945027EDBDE200878D4E /* Build configuration list for PBXNativeTarget "MyVin (macOS)" */ = {
			isa = XCConfigurationList;
			buildConfigurations = (
				CEAF945127EDBDE200878D4E /* Debug */,
				CEAF945227EDBDE200878D4E /* Release */,
			);
			defaultConfigurationIsVisible = 0;
			defaultConfigurationName = Release;
		};
		CEAF945327EDBDE200878D4E /* Build configuration list for PBXNativeTarget "Tests iOS" */ = {
			isa = XCConfigurationList;
			buildConfigurations = (
				CEAF945427EDBDE200878D4E /* Debug */,
				CEAF945527EDBDE200878D4E /* Release */,
			);
			defaultConfigurationIsVisible = 0;
			defaultConfigurationName = Release;
		};
		CEAF945627EDBDE200878D4E /* Build configuration list for PBXNativeTarget "Tests macOS" */ = {
			isa = XCConfigurationList;
			buildConfigurations = (
				CEAF945727EDBDE200878D4E /* Debug */,
				CEAF945827EDBDE200878D4E /* Release */,
			);
			defaultConfigurationIsVisible = 0;
			defaultConfigurationName = Release;
		};
/* End XCConfigurationList section */
	};
	rootObject = CEAF941827EDBDE100878D4E /* Project object */;
}
